// !$*UTF8*$!
{
	archiveVersion = 1;
	classes = {
	};
	objectVersion = 56;
	objects = {

/* Begin PBXBuildFile section */
		5176F2942B0F15D80096EE90 /* AppDelegate.swift in Sources */ = {isa = PBXBuildFile; fileRef = 5176F2932B0F15D80096EE90 /* AppDelegate.swift */; };
		5176F2962B0F15D80096EE90 /* SceneDelegate.swift in Sources */ = {isa = PBXBuildFile; fileRef = 5176F2952B0F15D80096EE90 /* SceneDelegate.swift */; };
		5176F2982B0F15D80096EE90 /* ViewController.swift in Sources */ = {isa = PBXBuildFile; fileRef = 5176F2972B0F15D80096EE90 /* ViewController.swift */; };
		5176F29B2B0F15D80096EE90 /* Main.storyboard in Resources */ = {isa = PBXBuildFile; fileRef = 5176F2992B0F15D80096EE90 /* Main.storyboard */; };
		5176F29D2B0F15D90096EE90 /* Assets.xcassets in Resources */ = {isa = PBXBuildFile; fileRef = 5176F29C2B0F15D90096EE90 /* Assets.xcassets */; };
		5176F2A02B0F15D90096EE90 /* LaunchScreen.storyboard in Resources */ = {isa = PBXBuildFile; fileRef = 5176F29E2B0F15D90096EE90 /* LaunchScreen.storyboard */; };
		5176F2AB2B0F15D90096EE90 /* PokedexTests.swift in Sources */ = {isa = PBXBuildFile; fileRef = 5176F2AA2B0F15D90096EE90 /* PokedexTests.swift */; };
		5176F2B52B0F15D90096EE90 /* PokedexUITests.swift in Sources */ = {isa = PBXBuildFile; fileRef = 5176F2B42B0F15D90096EE90 /* PokedexUITests.swift */; };
		5176F2B72B0F15D90096EE90 /* PokedexUITestsLaunchTests.swift in Sources */ = {isa = PBXBuildFile; fileRef = 5176F2B62B0F15D90096EE90 /* PokedexUITestsLaunchTests.swift */; };
/* End PBXBuildFile section */

/* Begin PBXContainerItemProxy section */
		5176F2A72B0F15D90096EE90 /* PBXContainerItemProxy */ = {
			isa = PBXContainerItemProxy;
			containerPortal = 5176F2882B0F15D80096EE90 /* Project object */;
			proxyType = 1;
			remoteGlobalIDString = 5176F28F2B0F15D80096EE90;
			remoteInfo = Pokedex;
		};
		5176F2B12B0F15D90096EE90 /* PBXContainerItemProxy */ = {
			isa = PBXContainerItemProxy;
			containerPortal = 5176F2882B0F15D80096EE90 /* Project object */;
			proxyType = 1;
			remoteGlobalIDString = 5176F28F2B0F15D80096EE90;
			remoteInfo = Pokedex;
		};
/* End PBXContainerItemProxy section */

/* Begin PBXFileReference section */
		5176F2902B0F15D80096EE90 /* Pokedex.app */ = {isa = PBXFileReference; explicitFileType = wrapper.application; includeInIndex = 0; path = Pokedex.app; sourceTree = BUILT_PRODUCTS_DIR; };
		5176F2932B0F15D80096EE90 /* AppDelegate.swift */ = {isa = PBXFileReference; lastKnownFileType = sourcecode.swift; path = AppDelegate.swift; sourceTree = "<group>"; };
		5176F2952B0F15D80096EE90 /* SceneDelegate.swift */ = {isa = PBXFileReference; lastKnownFileType = sourcecode.swift; path = SceneDelegate.swift; sourceTree = "<group>"; };
		5176F2972B0F15D80096EE90 /* ViewController.swift */ = {isa = PBXFileReference; lastKnownFileType = sourcecode.swift; path = ViewController.swift; sourceTree = "<group>"; };
		5176F29A2B0F15D80096EE90 /* Base */ = {isa = PBXFileReference; lastKnownFileType = file.storyboard; name = Base; path = Base.lproj/Main.storyboard; sourceTree = "<group>"; };
		5176F29C2B0F15D90096EE90 /* Assets.xcassets */ = {isa = PBXFileReference; lastKnownFileType = folder.assetcatalog; path = Assets.xcassets; sourceTree = "<group>"; };
		5176F29F2B0F15D90096EE90 /* Base */ = {isa = PBXFileReference; lastKnownFileType = file.storyboard; name = Base; path = Base.lproj/LaunchScreen.storyboard; sourceTree = "<group>"; };
		5176F2A12B0F15D90096EE90 /* Info.plist */ = {isa = PBXFileReference; lastKnownFileType = text.plist.xml; path = Info.plist; sourceTree = "<group>"; };
		5176F2A62B0F15D90096EE90 /* PokedexTests.xctest */ = {isa = PBXFileReference; explicitFileType = wrapper.cfbundle; includeInIndex = 0; path = PokedexTests.xctest; sourceTree = BUILT_PRODUCTS_DIR; };
		5176F2AA2B0F15D90096EE90 /* PokedexTests.swift */ = {isa = PBXFileReference; lastKnownFileType = sourcecode.swift; path = PokedexTests.swift; sourceTree = "<group>"; };
		5176F2B02B0F15D90096EE90 /* PokedexUITests.xctest */ = {isa = PBXFileReference; explicitFileType = wrapper.cfbundle; includeInIndex = 0; path = PokedexUITests.xctest; sourceTree = BUILT_PRODUCTS_DIR; };
		5176F2B42B0F15D90096EE90 /* PokedexUITests.swift */ = {isa = PBXFileReference; lastKnownFileType = sourcecode.swift; path = PokedexUITests.swift; sourceTree = "<group>"; };
		5176F2B62B0F15D90096EE90 /* PokedexUITestsLaunchTests.swift */ = {isa = PBXFileReference; lastKnownFileType = sourcecode.swift; path = PokedexUITestsLaunchTests.swift; sourceTree = "<group>"; };
/* End PBXFileReference section */

/* Begin PBXFrameworksBuildPhase section */
		5176F28D2B0F15D80096EE90 /* Frameworks */ = {
			isa = PBXFrameworksBuildPhase;
			buildActionMask = 2147483647;
			files = (
			);
			runOnlyForDeploymentPostprocessing = 0;
		};
		5176F2A32B0F15D90096EE90 /* Frameworks */ = {
			isa = PBXFrameworksBuildPhase;
			buildActionMask = 2147483647;
			files = (
			);
			runOnlyForDeploymentPostprocessing = 0;
		};
		5176F2AD2B0F15D90096EE90 /* Frameworks */ = {
			isa = PBXFrameworksBuildPhase;
			buildActionMask = 2147483647;
			files = (
			);
			runOnlyForDeploymentPostprocessing = 0;
		};
/* End PBXFrameworksBuildPhase section */

/* Begin PBXGroup section */
		5176F2872B0F15D80096EE90 = {
			isa = PBXGroup;
			children = (
				5176F2922B0F15D80096EE90 /* Pokedex */,
				5176F2A92B0F15D90096EE90 /* PokedexTests */,
				5176F2B32B0F15D90096EE90 /* PokedexUITests */,
				5176F2912B0F15D80096EE90 /* Products */,
			);
			sourceTree = "<group>";
		};
		5176F2912B0F15D80096EE90 /* Products */ = {
			isa = PBXGroup;
			children = (
				5176F2902B0F15D80096EE90 /* Pokedex.app */,
				5176F2A62B0F15D90096EE90 /* PokedexTests.xctest */,
				5176F2B02B0F15D90096EE90 /* PokedexUITests.xctest */,
			);
			name = Products;
			sourceTree = "<group>";
		};
		5176F2922B0F15D80096EE90 /* Pokedex */ = {
			isa = PBXGroup;
			children = (
				5176F2932B0F15D80096EE90 /* AppDelegate.swift */,
				5176F2952B0F15D80096EE90 /* SceneDelegate.swift */,
				5176F2972B0F15D80096EE90 /* ViewController.swift */,
				5176F2992B0F15D80096EE90 /* Main.storyboard */,
				5176F29C2B0F15D90096EE90 /* Assets.xcassets */,
				5176F29E2B0F15D90096EE90 /* LaunchScreen.storyboard */,
				5176F2A12B0F15D90096EE90 /* Info.plist */,
			);
			path = Pokedex;
			sourceTree = "<group>";
		};
		5176F2A92B0F15D90096EE90 /* PokedexTests */ = {
			isa = PBXGroup;
			children = (
				5176F2AA2B0F15D90096EE90 /* PokedexTests.swift */,
			);
			path = PokedexTests;
			sourceTree = "<group>";
		};
		5176F2B32B0F15D90096EE90 /* PokedexUITests */ = {
			isa = PBXGroup;
			children = (
				5176F2B42B0F15D90096EE90 /* PokedexUITests.swift */,
				5176F2B62B0F15D90096EE90 /* PokedexUITestsLaunchTests.swift */,
			);
			path = PokedexUITests;
			sourceTree = "<group>";
		};
/* End PBXGroup section */

/* Begin PBXNativeTarget section */
		5176F28F2B0F15D80096EE90 /* Pokedex */ = {
			isa = PBXNativeTarget;
			buildConfigurationList = 5176F2BA2B0F15D90096EE90 /* Build configuration list for PBXNativeTarget "Pokedex" */;
			buildPhases = (
				5176F28C2B0F15D80096EE90 /* Sources */,
				5176F28D2B0F15D80096EE90 /* Frameworks */,
				5176F28E2B0F15D80096EE90 /* Resources */,
			);
			buildRules = (
			);
			dependencies = (
			);
			name = Pokedex;
			productName = Pokedex;
			productReference = 5176F2902B0F15D80096EE90 /* Pokedex.app */;
			productType = "com.apple.product-type.application";
		};
		5176F2A52B0F15D90096EE90 /* PokedexTests */ = {
			isa = PBXNativeTarget;
			buildConfigurationList = 5176F2BD2B0F15D90096EE90 /* Build configuration list for PBXNativeTarget "PokedexTests" */;
			buildPhases = (
				5176F2A22B0F15D90096EE90 /* Sources */,
				5176F2A32B0F15D90096EE90 /* Frameworks */,
				5176F2A42B0F15D90096EE90 /* Resources */,
			);
			buildRules = (
			);
			dependencies = (
				5176F2A82B0F15D90096EE90 /* PBXTargetDependency */,
			);
			name = PokedexTests;
			productName = PokedexTests;
			productReference = 5176F2A62B0F15D90096EE90 /* PokedexTests.xctest */;
			productType = "com.apple.product-type.bundle.unit-test";
		};
		5176F2AF2B0F15D90096EE90 /* PokedexUITests */ = {
			isa = PBXNativeTarget;
			buildConfigurationList = 5176F2C02B0F15D90096EE90 /* Build configuration list for PBXNativeTarget "PokedexUITests" */;
			buildPhases = (
				5176F2AC2B0F15D90096EE90 /* Sources */,
				5176F2AD2B0F15D90096EE90 /* Frameworks */,
				5176F2AE2B0F15D90096EE90 /* Resources */,
			);
			buildRules = (
			);
			dependencies = (
				5176F2B22B0F15D90096EE90 /* PBXTargetDependency */,
			);
			name = PokedexUITests;
			productName = PokedexUITests;
			productReference = 5176F2B02B0F15D90096EE90 /* PokedexUITests.xctest */;
			productType = "com.apple.product-type.bundle.ui-testing";
		};
/* End PBXNativeTarget section */

/* Begin PBXProject section */
		5176F2882B0F15D80096EE90 /* Project object */ = {
			isa = PBXProject;
			attributes = {
				BuildIndependentTargetsInParallel = 1;
				LastSwiftUpdateCheck = 1420;
				LastUpgradeCheck = 1420;
				TargetAttributes = {
					5176F28F2B0F15D80096EE90 = {
						CreatedOnToolsVersion = 14.2;
					};
					5176F2A52B0F15D90096EE90 = {
						CreatedOnToolsVersion = 14.2;
						TestTargetID = 5176F28F2B0F15D80096EE90;
					};
					5176F2AF2B0F15D90096EE90 = {
						CreatedOnToolsVersion = 14.2;
						TestTargetID = 5176F28F2B0F15D80096EE90;
					};
				};
			};
			buildConfigurationList = 5176F28B2B0F15D80096EE90 /* Build configuration list for PBXProject "Pokedex" */;
			compatibilityVersion = "Xcode 14.0";
			developmentRegion = en;
			hasScannedForEncodings = 0;
			knownRegions = (
				en,
				Base,
			);
			mainGroup = 5176F2872B0F15D80096EE90;
			productRefGroup = 5176F2912B0F15D80096EE90 /* Products */;
			projectDirPath = "";
			projectRoot = "";
			targets = (
				5176F28F2B0F15D80096EE90 /* Pokedex */,
				5176F2A52B0F15D90096EE90 /* PokedexTests */,
				5176F2AF2B0F15D90096EE90 /* PokedexUITests */,
			);
		};
/* End PBXProject section */

/* Begin PBXResourcesBuildPhase section */
		5176F28E2B0F15D80096EE90 /* Resources */ = {
			isa = PBXResourcesBuildPhase;
			buildActionMask = 2147483647;
			files = (
				5176F2A02B0F15D90096EE90 /* LaunchScreen.storyboard in Resources */,
				5176F29D2B0F15D90096EE90 /* Assets.xcassets in Resources */,
				5176F29B2B0F15D80096EE90 /* Main.storyboard in Resources */,
			);
			runOnlyForDeploymentPostprocessing = 0;
		};
		5176F2A42B0F15D90096EE90 /* Resources */ = {
			isa = PBXResourcesBuildPhase;
			buildActionMask = 2147483647;
			files = (
			);
			runOnlyForDeploymentPostprocessing = 0;
		};
		5176F2AE2B0F15D90096EE90 /* Resources */ = {
			isa = PBXResourcesBuildPhase;
			buildActionMask = 2147483647;
			files = (
			);
			runOnlyForDeploymentPostprocessing = 0;
		};
/* End PBXResourcesBuildPhase section */

/* Begin PBXSourcesBuildPhase section */
		5176F28C2B0F15D80096EE90 /* Sources */ = {
			isa = PBXSourcesBuildPhase;
			buildActionMask = 2147483647;
			files = (
				5176F2982B0F15D80096EE90 /* ViewController.swift in Sources */,
				5176F2942B0F15D80096EE90 /* AppDelegate.swift in Sources */,
				5176F2962B0F15D80096EE90 /* SceneDelegate.swift in Sources */,
			);
			runOnlyForDeploymentPostprocessing = 0;
		};
		5176F2A22B0F15D90096EE90 /* Sources */ = {
			isa = PBXSourcesBuildPhase;
			buildActionMask = 2147483647;
			files = (
				5176F2AB2B0F15D90096EE90 /* PokedexTests.swift in Sources */,
			);
			runOnlyForDeploymentPostprocessing = 0;
		};
		5176F2AC2B0F15D90096EE90 /* Sources */ = {
			isa = PBXSourcesBuildPhase;
			buildActionMask = 2147483647;
			files = (
				5176F2B52B0F15D90096EE90 /* PokedexUITests.swift in Sources */,
				5176F2B72B0F15D90096EE90 /* PokedexUITestsLaunchTests.swift in Sources */,
			);
			runOnlyForDeploymentPostprocessing = 0;
		};
/* End PBXSourcesBuildPhase section */

/* Begin PBXTargetDependency section */
		5176F2A82B0F15D90096EE90 /* PBXTargetDependency */ = {
			isa = PBXTargetDependency;
			target = 5176F28F2B0F15D80096EE90 /* Pokedex */;
			targetProxy = 5176F2A72B0F15D90096EE90 /* PBXContainerItemProxy */;
		};
		5176F2B22B0F15D90096EE90 /* PBXTargetDependency */ = {
			isa = PBXTargetDependency;
			target = 5176F28F2B0F15D80096EE90 /* Pokedex */;
			targetProxy = 5176F2B12B0F15D90096EE90 /* PBXContainerItemProxy */;
		};
/* End PBXTargetDependency section */

/* Begin PBXVariantGroup section */
		5176F2992B0F15D80096EE90 /* Main.storyboard */ = {
			isa = PBXVariantGroup;
			children = (
				5176F29A2B0F15D80096EE90 /* Base */,
			);
			name = Main.storyboard;
			sourceTree = "<group>";
		};
		5176F29E2B0F15D90096EE90 /* LaunchScreen.storyboard */ = {
			isa = PBXVariantGroup;
			children = (
				5176F29F2B0F15D90096EE90 /* Base */,
			);
			name = LaunchScreen.storyboard;
			sourceTree = "<group>";
		};
/* End PBXVariantGroup section */

/* Begin XCBuildConfiguration section */
		5176F2B82B0F15D90096EE90 /* Debug */ = {
			isa = XCBuildConfiguration;
			buildSettings = {
				ALWAYS_SEARCH_USER_PATHS = NO;
				CLANG_ANALYZER_NONNULL = YES;
				CLANG_ANALYZER_NUMBER_OBJECT_CONVERSION = YES_AGGRESSIVE;
				CLANG_CXX_LANGUAGE_STANDARD = "gnu++20";
				CLANG_ENABLE_MODULES = YES;
				CLANG_ENABLE_OBJC_ARC = YES;
				CLANG_ENABLE_OBJC_WEAK = YES;
				CLANG_WARN_BLOCK_CAPTURE_AUTORELEASING = YES;
				CLANG_WARN_BOOL_CONVERSION = YES;
				CLANG_WARN_COMMA = YES;
				CLANG_WARN_CONSTANT_CONVERSION = YES;
				CLANG_WARN_DEPRECATED_OBJC_IMPLEMENTATIONS = YES;
				CLANG_WARN_DIRECT_OBJC_ISA_USAGE = YES_ERROR;
				CLANG_WARN_DOCUMENTATION_COMMENTS = YES;
				CLANG_WARN_EMPTY_BODY = YES;
				CLANG_WARN_ENUM_CONVERSION = YES;
				CLANG_WARN_INFINITE_RECURSION = YES;
				CLANG_WARN_INT_CONVERSION = YES;
				CLANG_WARN_NON_LITERAL_NULL_CONVERSION = YES;
				CLANG_WARN_OBJC_IMPLICIT_RETAIN_SELF = YES;
				CLANG_WARN_OBJC_LITERAL_CONVERSION = YES;
				CLANG_WARN_OBJC_ROOT_CLASS = YES_ERROR;
				CLANG_WARN_QUOTED_INCLUDE_IN_FRAMEWORK_HEADER = YES;
				CLANG_WARN_RANGE_LOOP_ANALYSIS = YES;
				CLANG_WARN_STRICT_PROTOTYPES = YES;
				CLANG_WARN_SUSPICIOUS_MOVE = YES;
				CLANG_WARN_UNGUARDED_AVAILABILITY = YES_AGGRESSIVE;
				CLANG_WARN_UNREACHABLE_CODE = YES;
				CLANG_WARN__DUPLICATE_METHOD_MATCH = YES;
				COPY_PHASE_STRIP = NO;
				DEBUG_INFORMATION_FORMAT = dwarf;
				ENABLE_STRICT_OBJC_MSGSEND = YES;
				ENABLE_TESTABILITY = YES;
				GCC_C_LANGUAGE_STANDARD = gnu11;
				GCC_DYNAMIC_NO_PIC = NO;
				GCC_NO_COMMON_BLOCKS = YES;
				GCC_OPTIMIZATION_LEVEL = 0;
				GCC_PREPROCESSOR_DEFINITIONS = (
					"DEBUG=1",
					"$(inherited)",
				);
				GCC_WARN_64_TO_32_BIT_CONVERSION = YES;
				GCC_WARN_ABOUT_RETURN_TYPE = YES_ERROR;
				GCC_WARN_UNDECLARED_SELECTOR = YES;
				GCC_WARN_UNINITIALIZED_AUTOS = YES_AGGRESSIVE;
				GCC_WARN_UNUSED_FUNCTION = YES;
				GCC_WARN_UNUSED_VARIABLE = YES;
				IPHONEOS_DEPLOYMENT_TARGET = 16.2;
				MTL_ENABLE_DEBUG_INFO = INCLUDE_SOURCE;
				MTL_FAST_MATH = YES;
				ONLY_ACTIVE_ARCH = YES;
				SDKROOT = iphoneos;
				SWIFT_ACTIVE_COMPILATION_CONDITIONS = DEBUG;
				SWIFT_OPTIMIZATION_LEVEL = "-Onone";
			};
			name = Debug;
		};
		5176F2B92B0F15D90096EE90 /* Release */ = {
			isa = XCBuildConfiguration;
			buildSettings = {
				ALWAYS_SEARCH_USER_PATHS = NO;
				CLANG_ANALYZER_NONNULL = YES;
				CLANG_ANALYZER_NUMBER_OBJECT_CONVERSION = YES_AGGRESSIVE;
				CLANG_CXX_LANGUAGE_STANDARD = "gnu++20";
				CLANG_ENABLE_MODULES = YES;
				CLANG_ENABLE_OBJC_ARC = YES;
				CLANG_ENABLE_OBJC_WEAK = YES;
				CLANG_WARN_BLOCK_CAPTURE_AUTORELEASING = YES;
				CLANG_WARN_BOOL_CONVERSION = YES;
				CLANG_WARN_COMMA = YES;
				CLANG_WARN_CONSTANT_CONVERSION = YES;
				CLANG_WARN_DEPRECATED_OBJC_IMPLEMENTATIONS = YES;
				CLANG_WARN_DIRECT_OBJC_ISA_USAGE = YES_ERROR;
				CLANG_WARN_DOCUMENTATION_COMMENTS = YES;
				CLANG_WARN_EMPTY_BODY = YES;
				CLANG_WARN_ENUM_CONVERSION = YES;
				CLANG_WARN_INFINITE_RECURSION = YES;
				CLANG_WARN_INT_CONVERSION = YES;
				CLANG_WARN_NON_LITERAL_NULL_CONVERSION = YES;
				CLANG_WARN_OBJC_IMPLICIT_RETAIN_SELF = YES;
				CLANG_WARN_OBJC_LITERAL_CONVERSION = YES;
				CLANG_WARN_OBJC_ROOT_CLASS = YES_ERROR;
				CLANG_WARN_QUOTED_INCLUDE_IN_FRAMEWORK_HEADER = YES;
				CLANG_WARN_RANGE_LOOP_ANALYSIS = YES;
				CLANG_WARN_STRICT_PROTOTYPES = YES;
				CLANG_WARN_SUSPICIOUS_MOVE = YES;
				CLANG_WARN_UNGUARDED_AVAILABILITY = YES_AGGRESSIVE;
				CLANG_WARN_UNREACHABLE_CODE = YES;
				CLANG_WARN__DUPLICATE_METHOD_MATCH = YES;
				COPY_PHASE_STRIP = NO;
				DEBUG_INFORMATION_FORMAT = "dwarf-with-dsym";
				ENABLE_NS_ASSERTIONS = NO;
				ENABLE_STRICT_OBJC_MSGSEND = YES;
				GCC_C_LANGUAGE_STANDARD = gnu11;
				GCC_NO_COMMON_BLOCKS = YES;
				GCC_WARN_64_TO_32_BIT_CONVERSION = YES;
				GCC_WARN_ABOUT_RETURN_TYPE = YES_ERROR;
				GCC_WARN_UNDECLARED_SELECTOR = YES;
				GCC_WARN_UNINITIALIZED_AUTOS = YES_AGGRESSIVE;
				GCC_WARN_UNUSED_FUNCTION = YES;
				GCC_WARN_UNUSED_VARIABLE = YES;
				IPHONEOS_DEPLOYMENT_TARGET = 16.2;
				MTL_ENABLE_DEBUG_INFO = NO;
				MTL_FAST_MATH = YES;
				SDKROOT = iphoneos;
				SWIFT_COMPILATION_MODE = wholemodule;
				SWIFT_OPTIMIZATION_LEVEL = "-O";
				VALIDATE_PRODUCT = YES;
			};
			name = Release;
		};
		5176F2BB2B0F15D90096EE90 /* Debug */ = {
			isa = XCBuildConfiguration;
			buildSettings = {
				ASSETCATALOG_COMPILER_APPICON_NAME = AppIcon;
				ASSETCATALOG_COMPILER_GLOBAL_ACCENT_COLOR_NAME = AccentColor;
				CODE_SIGN_STYLE = Automatic;
				CURRENT_PROJECT_VERSION = 1;
				GENERATE_INFOPLIST_FILE = YES;
				INFOPLIST_FILE = Pokedex/Info.plist;
				INFOPLIST_KEY_UIApplicationSupportsIndirectInputEvents = YES;
				INFOPLIST_KEY_UILaunchStoryboardName = LaunchScreen;
				INFOPLIST_KEY_UIMainStoryboardFile = Main;
				INFOPLIST_KEY_UISupportedInterfaceOrientations_iPad = "UIInterfaceOrientationPortrait UIInterfaceOrientationPortraitUpsideDown UIInterfaceOrientationLandscapeLeft UIInterfaceOrientationLandscapeRight";
				INFOPLIST_KEY_UISupportedInterfaceOrientations_iPhone = "UIInterfaceOrientationPortrait UIInterfaceOrientationLandscapeLeft UIInterfaceOrientationLandscapeRight";
				LD_RUNPATH_SEARCH_PATHS = (
					"$(inherited)",
					"@executable_path/Frameworks",
				);
				MARKETING_VERSION = 1.0;
				PRODUCT_BUNDLE_IDENTIFIER = "com.-Pokedex.com.Pokedex";
				PRODUCT_NAME = "$(TARGET_NAME)";
				SWIFT_EMIT_LOC_STRINGS = YES;
				SWIFT_VERSION = 5.0;
				TARGETED_DEVICE_FAMILY = "1,2";
			};
			name = Debug;
		};
		5176F2BC2B0F15D90096EE90 /* Release */ = {
			isa = XCBuildConfiguration;
			buildSettings = {
				ASSETCATALOG_COMPILER_APPICON_NAME = AppIcon;
				ASSETCATALOG_COMPILER_GLOBAL_ACCENT_COLOR_NAME = AccentColor;
				CODE_SIGN_STYLE = Automatic;
				CURRENT_PROJECT_VERSION = 1;
				GENERATE_INFOPLIST_FILE = YES;
				INFOPLIST_FILE = Pokedex/Info.plist;
				INFOPLIST_KEY_UIApplicationSupportsIndirectInputEvents = YES;
				INFOPLIST_KEY_UILaunchStoryboardName = LaunchScreen;
				INFOPLIST_KEY_UIMainStoryboardFile = Main;
				INFOPLIST_KEY_UISupportedInterfaceOrientations_iPad = "UIInterfaceOrientationPortrait UIInterfaceOrientationPortraitUpsideDown UIInterfaceOrientationLandscapeLeft UIInterfaceOrientationLandscapeRight";
				INFOPLIST_KEY_UISupportedInterfaceOrientations_iPhone = "UIInterfaceOrientationPortrait UIInterfaceOrientationLandscapeLeft UIInterfaceOrientationLandscapeRight";
				LD_RUNPATH_SEARCH_PATHS = (
					"$(inherited)",
					"@executable_path/Frameworks",
				);
				MARKETING_VERSION = 1.0;
				PRODUCT_BUNDLE_IDENTIFIER = "com.-Pokedex.com.Pokedex";
				PRODUCT_NAME = "$(TARGET_NAME)";
				SWIFT_EMIT_LOC_STRINGS = YES;
				SWIFT_VERSION = 5.0;
				TARGETED_DEVICE_FAMILY = "1,2";
			};
			name = Release;
		};
		5176F2BE2B0F15D90096EE90 /* Debug */ = {
			isa = XCBuildConfiguration;
			buildSettings = {
				ALWAYS_EMBED_SWIFT_STANDARD_LIBRARIES = YES;
				BUNDLE_LOADER = "$(TEST_HOST)";
				CODE_SIGN_STYLE = Automatic;
				CURRENT_PROJECT_VERSION = 1;
				GENERATE_INFOPLIST_FILE = YES;
				IPHONEOS_DEPLOYMENT_TARGET = 16.2;
				MARKETING_VERSION = 1.0;
				PRODUCT_BUNDLE_IDENTIFIER = "com.-Pokedex.com.PokedexTests";
				PRODUCT_NAME = "$(TARGET_NAME)";
				SWIFT_EMIT_LOC_STRINGS = NO;
				SWIFT_VERSION = 5.0;
				TARGETED_DEVICE_FAMILY = "1,2";
				TEST_HOST = "$(BUILT_PRODUCTS_DIR)/Pokedex.app/$(BUNDLE_EXECUTABLE_FOLDER_PATH)/Pokedex";
			};
			name = Debug;
		};
		5176F2BF2B0F15D90096EE90 /* Release */ = {
			isa = XCBuildConfiguration;
			buildSettings = {
				ALWAYS_EMBED_SWIFT_STANDARD_LIBRARIES = YES;
				BUNDLE_LOADER = "$(TEST_HOST)";
				CODE_SIGN_STYLE = Automatic;
				CURRENT_PROJECT_VERSION = 1;
				GENERATE_INFOPLIST_FILE = YES;
				IPHONEOS_DEPLOYMENT_TARGET = 16.2;
				MARKETING_VERSION = 1.0;
				PRODUCT_BUNDLE_IDENTIFIER = "com.-Pokedex.com.PokedexTests";
				PRODUCT_NAME = "$(TARGET_NAME)";
				SWIFT_EMIT_LOC_STRINGS = NO;
				SWIFT_VERSION = 5.0;
				TARGETED_DEVICE_FAMILY = "1,2";
				TEST_HOST = "$(BUILT_PRODUCTS_DIR)/Pokedex.app/$(BUNDLE_EXECUTABLE_FOLDER_PATH)/Pokedex";
			};
			name = Release;
		};
		5176F2C12B0F15D90096EE90 /* Debug */ = {
			isa = XCBuildConfiguration;
			buildSettings = {
				ALWAYS_EMBED_SWIFT_STANDARD_LIBRARIES = YES;
				CODE_SIGN_STYLE = Automatic;
				CURRENT_PROJECT_VERSION = 1;
				GENERATE_INFOPLIST_FILE = YES;
				MARKETING_VERSION = 1.0;
				PRODUCT_BUNDLE_IDENTIFIER = "com.-Pokedex.com.PokedexUITests";
				PRODUCT_NAME = "$(TARGET_NAME)";
				SWIFT_EMIT_LOC_STRINGS = NO;
				SWIFT_VERSION = 5.0;
				TARGETED_DEVICE_FAMILY = "1,2";
				TEST_TARGET_NAME = Pokedex;
			};
			name = Debug;
		};
		5176F2C22B0F15D90096EE90 /* Release */ = {
			isa = XCBuildConfiguration;
			buildSettings = {
				ALWAYS_EMBED_SWIFT_STANDARD_LIBRARIES = YES;
				CODE_SIGN_STYLE = Automatic;
				CURRENT_PROJECT_VERSION = 1;
				GENERATE_INFOPLIST_FILE = YES;
				MARKETING_VERSION = 1.0;
				PRODUCT_BUNDLE_IDENTIFIER = "com.-Pokedex.com.PokedexUITests";
				PRODUCT_NAME = "$(TARGET_NAME)";
				SWIFT_EMIT_LOC_STRINGS = NO;
				SWIFT_VERSION = 5.0;
				TARGETED_DEVICE_FAMILY = "1,2";
				TEST_TARGET_NAME = Pokedex;
			};
			name = Release;
		};
/* End XCBuildConfiguration section */

/* Begin XCConfigurationList section */
		5176F28B2B0F15D80096EE90 /* Build configuration list for PBXProject "Pokedex" */ = {
			isa = XCConfigurationList;
			buildConfigurations = (
				5176F2B82B0F15D90096EE90 /* Debug */,
				5176F2B92B0F15D90096EE90 /* Release */,
			);
			defaultConfigurationIsVisible = 0;
			defaultConfigurationName = Release;
		};
		5176F2BA2B0F15D90096EE90 /* Build configuration list for PBXNativeTarget "Pokedex" */ = {
			isa = XCConfigurationList;
			buildConfigurations = (
				5176F2BB2B0F15D90096EE90 /* Debug */,
				5176F2BC2B0F15D90096EE90 /* Release */,
			);
			defaultConfigurationIsVisible = 0;
			defaultConfigurationName = Release;
		};
		5176F2BD2B0F15D90096EE90 /* Build configuration list for PBXNativeTarget "PokedexTests" */ = {
			isa = XCConfigurationList;
			buildConfigurations = (
				5176F2BE2B0F15D90096EE90 /* Debug */,
				5176F2BF2B0F15D90096EE90 /* Release */,
			);
			defaultConfigurationIsVisible = 0;
			defaultConfigurationName = Release;
		};
		5176F2C02B0F15D90096EE90 /* Build configuration list for PBXNativeTarget "PokedexUITests" */ = {
			isa = XCConfigurationList;
			buildConfigurations = (
				5176F2C12B0F15D90096EE90 /* Debug */,
				5176F2C22B0F15D90096EE90 /* Release */,
			);
			defaultConfigurationIsVisible = 0;
			defaultConfigurationName = Release;
		};
/* End XCConfigurationList section */
	};
	rootObject = 5176F2882B0F15D80096EE90 /* Project object */;
}
